# THIS IS AN AUTOGENERATED FILE. DO NOT EDIT THIS FILE DIRECTLY.
# yarn lockfile v1


"@hotwired/turbo-rails@^7.3.0":
  version "7.3.0"
  resolved "https://registry.yarnpkg.com/@hotwired/turbo-rails/-/turbo-rails-7.3.0.tgz#422c21752509f3edcd6c7b2725bbe9e157815f51"
  integrity sha512-fvhO64vp/a2UVQ3jue9WTc2JisMv9XilIC7ViZmXAREVwiQ2S4UC7Go8f9A1j4Xu7DBI6SbFdqILk5ImqVoqyA==
  dependencies:
    "@hotwired/turbo" "^7.3.0"
    "@rails/actioncable" "^7.0"

"@hotwired/turbo@^7.3.0":
  version "7.3.0"
  resolved "https://registry.yarnpkg.com/@hotwired/turbo/-/turbo-7.3.0.tgz#2226000fff1aabda9fd9587474565c9929dbf15d"
  integrity sha512-Dcu+NaSvHLT7EjrDrkEmH4qET2ZJZ5IcCWmNXxNQTBwlnE5tBZfN6WxZ842n5cHV52DH/AKNirbPBtcEXDLW4g==

"@rails/actioncable@^7.0":
  version "7.1.1"
  resolved "https://registry.yarnpkg.com/@rails/actioncable/-/actioncable-7.1.1.tgz#e8c49769d41f35a4473133c259cc98adc04dddf8"
  integrity sha512-ZRJ9rdwFQQjRbtgJnweY0/4UQyxN6ojEGRdib0JkjnuIciv+4ok/aAeZmBJqNreTMaBqS0eHyA9hCArwN58opg==
